
Microsoft Visual Studio Solution File, Format Version 12.00
# Visual Studio 15
VisualStudioVersion = 15.0.27130.2020
MinimumVisualStudioVersion = 10.0.40219.1
Project("{FAE04EC0-301F-11D3-BF4B-00C04F79EFBC}") = "Tecnostore", "Tecnostore\Tecnostore.csproj", "{B47F7B84-9D45-4F82-846E-8A173863CC36}"
EndProject
Project("{FAE04EC0-301F-11D3-BF4B-00C04F79EFBC}") = "Tecnostore.Model", "Tecnostore.Model\Tecnostore.Model.csproj", "{3DAEAB02-2881-48C8-95B9-2EC800DA59AF}"
EndProject
Global
	GlobalSection(SolutionConfigurationPlatforms) = preSolution
		Debug|Any CPU = Debug|Any CPU
		Debug|ARM = Debug|ARM
		Debug|x64 = Debug|x64
		Debug|x86 = Debug|x86
		Release|Any CPU = Release|Any CPU
		Release|ARM = Release|ARM
		Release|x64 = Release|x64
		Release|x86 = Release|x86
	EndGlobalSection
	GlobalSection(ProjectConfigurationPlatforms) = postSolution
		{B47F7B84-9D45-4F82-846E-8A173863CC36}.Debug|Any CPU.ActiveCfg = Debug|Any CPU
		{B47F7B84-9D45-4F82-846E-8A173863CC36}.Debug|Any CPU.Build.0 = Debug|Any CPU
		{B47F7B84-9D45-4F82-846E-8A173863CC36}.Debug|ARM.ActiveCfg = Debug|Any CPU
		{B47F7B84-9D45-4F82-846E-8A173863CC36}.Debug|ARM.Build.0 = Debug|Any CPU
		{B47F7B84-9D45-4F82-846E-8A173863CC36}.Debug|x64.ActiveCfg = Debug|Any CPU
		{B47F7B84-9D45-4F82-846E-8A173863CC36}.Debug|x64.Build.0 = Debug|Any CPU
		{B47F7B84-9D45-4F82-846E-8A173863CC36}.Debug|x86.ActiveCfg = Debug|Any CPU
		{B47F7B84-9D45-4F82-846E-8A173863CC36}.Debug|x86.Build.0 = Debug|Any CPU
		{B47F7B84-9D45-4F82-846E-8A173863CC36}.Release|Any CPU.ActiveCfg = Release|Any CPU
		{B47F7B84-9D45-4F82-846E-8A173863CC36}.Release|Any CPU.Build.0 = Release|Any CPU
		{B47F7B84-9D45-4F82-846E-8A173863CC36}.Release|ARM.ActiveCfg = Release|Any CPU
		{B47F7B84-9D45-4F82-846E-8A173863CC36}.Release|ARM.Build.0 = Release|Any CPU
		{B47F7B84-9D45-4F82-846E-8A173863CC36}.Release|x64.ActiveCfg = Release|Any CPU
		{B47F7B84-9D45-4F82-846E-8A173863CC36}.Release|x64.Build.0 = Release|Any CPU
		{B47F7B84-9D45-4F82-846E-8A173863CC36}.Release|x86.ActiveCfg = Release|Any CPU
		{B47F7B84-9D45-4F82-846E-8A173863CC36}.Release|x86.Build.0 = Release|Any CPU
		{3DAEAB02-2881-48C8-95B9-2EC800DA59AF}.Debug|Any CPU.ActiveCfg = Debug|Any CPU
		{3DAEAB02-2881-48C8-95B9-2EC800DA59AF}.Debug|Any CPU.Build.0 = Debug|Any CPU
		{3DAEAB02-2881-48C8-95B9-2EC800DA59AF}.Debug|ARM.ActiveCfg = Debug|Any CPU
		{3DAEAB02-2881-48C8-95B9-2EC800DA59AF}.Debug|ARM.Build.0 = Debug|Any CPU
		{3DAEAB02-2881-48C8-95B9-2EC800DA59AF}.Debug|x64.ActiveCfg = Debug|Any CPU
		{3DAEAB02-2881-48C8-95B9-2EC800DA59AF}.Debug|x64.Build.0 = Debug|Any CPU
		{3DAEAB02-2881-48C8-95B9-2EC800DA59AF}.Debug|x86.ActiveCfg = Debug|Any CPU
		{3DAEAB02-2881-48C8-95B9-2EC800DA59AF}.Debug|x86.Build.0 = Debug|Any CPU
		{3DAEAB02-2881-48C8-95B9-2EC800DA59AF}.Release|Any CPU.ActiveCfg = Release|Any CPU
		{3DAEAB02-2881-48C8-95B9-2EC800DA59AF}.Release|Any CPU.Build.0 = Release|Any CPU
		{3DAEAB02-2881-48C8-95B9-2EC800DA59AF}.Release|ARM.ActiveCfg = Release|Any CPU
		{3DAEAB02-2881-48C8-95B9-2EC800DA59AF}.Release|ARM.Build.0 = Release|Any CPU
		{3DAEAB02-2881-48C8-95B9-2EC800DA59AF}.Release|x64.ActiveCfg = Release|Any CPU
		{3DAEAB02-2881-48C8-95B9-2EC800DA59AF}.Release|x64.Build.0 = Release|Any CPU
		{3DAEAB02-2881-48C8-95B9-2EC800DA59AF}.Release|x86.ActiveCfg = Release|Any CPU
		{3DAEAB02-2881-48C8-95B9-2EC800DA59AF}.Release|x86.Build.0 = Release|Any CPU
	EndGlobalSection
	GlobalSection(SolutionProperties) = preSolution
		HideSolutionNode = FALSE
	EndGlobalSection
	GlobalSection(ExtensibilityGlobals) = postSolution
		SolutionGuid = {6A8F1BD6-BEE5-49CC-B90D-4643CD354B5D}
	EndGlobalSection
EndGlobal
